
Microsoft Visual Studio Solution File, Format Version 12.00
# Visual Studio Version 17
VisualStudioVersion = 17.10.34928.147
MinimumVisualStudioVersion = 10.0.40219.1
Project("{FAE04EC0-301F-11D3-BF4B-00C04F79EFBC}") = "Sistema erp", "Sistema erp\Sistema erp.csproj", "{007A3B99-7DFD-4C82-BB5A-84227EF3DA09}"
EndProject
Global
	GlobalSection(SolutionConfigurationPlatforms) = preSolution
		Debug|Any CPU = Debug|Any CPU
		Release|Any CPU = Release|Any CPU
	EndGlobalSection
	GlobalSection(ProjectConfigurationPlatforms) = postSolution
		{007A3B99-7DFD-4C82-BB5A-84227EF3DA09}.Debug|Any CPU.ActiveCfg = Debug|Any CPU
		{007A3B99-7DFD-4C82-BB5A-84227EF3DA09}.Debug|Any CPU.Build.0 = Debug|Any CPU
		{007A3B99-7DFD-4C82-BB5A-84227EF3DA09}.Release|Any CPU.ActiveCfg = Release|Any CPU
		{007A3B99-7DFD-4C82-BB5A-84227EF3DA09}.Release|Any CPU.Build.0 = Release|Any CPU
	EndGlobalSection
	GlobalSection(SolutionProperties) = preSolution
		HideSolutionNode = FALSE
	EndGlobalSection
	GlobalSection(ExtensibilityGlobals) = postSolution
		SolutionGuid = {A6530542-5953-433E-BC8C-E3AD689AC990}
	EndGlobalSection
EndGlobal
